
Microsoft Visual Studio Solution File, Format Version 12.00
# Visual Studio Version 16
VisualStudioVersion = 16.0.30011.22
MinimumVisualStudioVersion = 10.0.40219.1
Project("{FAE04EC0-301F-11D3-BF4B-00C04F79EFBC}") = "WebApplication1", "WebApplication1\WebApplication1.csproj", "{110B17C2-3F7C-43B2-B703-B0BE1F778348}"
EndProject
Global
	GlobalSection(SolutionConfigurationPlatforms) = preSolution
		Debug|Any CPU = Debug|Any CPU
		Release|Any CPU = Release|Any CPU
	EndGlobalSection
	GlobalSection(ProjectConfigurationPlatforms) = postSolution
		{110B17C2-3F7C-43B2-B703-B0BE1F778348}.Debug|Any CPU.ActiveCfg = Debug|Any CPU
		{110B17C2-3F7C-43B2-B703-B0BE1F778348}.Debug|Any CPU.Build.0 = Debug|Any CPU
		{110B17C2-3F7C-43B2-B703-B0BE1F778348}.Release|Any CPU.ActiveCfg = Release|Any CPU
		{110B17C2-3F7C-43B2-B703-B0BE1F778348}.Release|Any CPU.Build.0 = Release|Any CPU
	EndGlobalSection
	GlobalSection(SolutionProperties) = preSolution
		HideSolutionNode = FALSE
	EndGlobalSection
	GlobalSection(ExtensibilityGlobals) = postSolution
		SolutionGuid = {B237F22F-85FC-44AF-97DA-97409AADC2E4}
	EndGlobalSection
EndGlobal
